
Microsoft Visual Studio Solution File, Format Version 12.00
# Visual Studio Version 16
VisualStudioVersion = 16.0.28729.10
MinimumVisualStudioVersion = 10.0.40219.1
Project("{FAE04EC0-301F-11D3-BF4B-00C04F79EFBC}") = "MultielementPolynomial", "MultielementPolynomial.csproj", "{BC19D347-F0CB-445D-9024-59EF4A7751DD}"
EndProject
Global
	GlobalSection(SolutionConfigurationPlatforms) = preSolution
		Debug|Any CPU = Debug|Any CPU
		Release|Any CPU = Release|Any CPU
	EndGlobalSection
	GlobalSection(ProjectConfigurationPlatforms) = postSolution
		{BC19D347-F0CB-445D-9024-59EF4A7751DD}.Debug|Any CPU.ActiveCfg = Debug|Any CPU
		{BC19D347-F0CB-445D-9024-59EF4A7751DD}.Debug|Any CPU.Build.0 = Debug|Any CPU
		{BC19D347-F0CB-445D-9024-59EF4A7751DD}.Release|Any CPU.ActiveCfg = Release|Any CPU
		{BC19D347-F0CB-445D-9024-59EF4A7751DD}.Release|Any CPU.Build.0 = Release|Any CPU
	EndGlobalSection
	GlobalSection(SolutionProperties) = preSolution
		HideSolutionNode = FALSE
	EndGlobalSection
	GlobalSection(ExtensibilityGlobals) = postSolution
		SolutionGuid = {805C10AE-638F-40C3-AD6D-C2E92002A5FE}
	EndGlobalSection
EndGlobal
