
Microsoft Visual Studio Solution File, Format Version 12.00
# Visual Studio Version 16
VisualStudioVersion = 16.0.28729.10
MinimumVisualStudioVersion = 10.0.40219.1
Project("{8BC9CEB8-8B4A-11D0-8D11-00A0C91BC942}") = "C++", "C++.vcxproj", "{D299E8D2-F8EB-45D7-B5BB-44B55590E770}"
EndProject
Global
	GlobalSection(SolutionConfigurationPlatforms) = preSolution
		Debug|x64 = Debug|x64
		Debug|x86 = Debug|x86
		Release|x64 = Release|x64
		Release|x86 = Release|x86
	EndGlobalSection
	GlobalSection(ProjectConfigurationPlatforms) = postSolution
		{D299E8D2-F8EB-45D7-B5BB-44B55590E770}.Debug|x64.ActiveCfg = Debug|x64
		{D299E8D2-F8EB-45D7-B5BB-44B55590E770}.Debug|x64.Build.0 = Debug|x64
		{D299E8D2-F8EB-45D7-B5BB-44B55590E770}.Debug|x86.ActiveCfg = Debug|Win32
		{D299E8D2-F8EB-45D7-B5BB-44B55590E770}.Debug|x86.Build.0 = Debug|Win32
		{D299E8D2-F8EB-45D7-B5BB-44B55590E770}.Release|x64.ActiveCfg = Release|x64
		{D299E8D2-F8EB-45D7-B5BB-44B55590E770}.Release|x64.Build.0 = Release|x64
		{D299E8D2-F8EB-45D7-B5BB-44B55590E770}.Release|x86.ActiveCfg = Release|Win32
		{D299E8D2-F8EB-45D7-B5BB-44B55590E770}.Release|x86.Build.0 = Release|Win32
	EndGlobalSection
	GlobalSection(SolutionProperties) = preSolution
		HideSolutionNode = FALSE
	EndGlobalSection
	GlobalSection(ExtensibilityGlobals) = postSolution
		SolutionGuid = {F037CBF4-DAAB-4F81-B3FD-B0F0FCC9C892}
	EndGlobalSection
EndGlobal
